
Microsoft Visual Studio Solution File, Format Version 12.00
# Visual Studio Version 17
VisualStudioVersion = 17.14.36310.24
MinimumVisualStudioVersion = 10.0.40219.1
Project("{FAE04EC0-301F-11D3-BF4B-00C04F79EFBC}") = "WebApplication1", "WebApplication1\WebApplication1.csproj", "{FCFFB3B4-C827-4932-BD95-83668235BBAC}"
EndProject
Global
	GlobalSection(SolutionConfigurationPlatforms) = preSolution
		Debug|Any CPU = Debug|Any CPU
		Release|Any CPU = Release|Any CPU
	EndGlobalSection
	GlobalSection(ProjectConfigurationPlatforms) = postSolution
		{FCFFB3B4-C827-4932-BD95-83668235BBAC}.Debug|Any CPU.ActiveCfg = Debug|Any CPU
		{FCFFB3B4-C827-4932-BD95-83668235BBAC}.Debug|Any CPU.Build.0 = Debug|Any CPU
		{FCFFB3B4-C827-4932-BD95-83668235BBAC}.Release|Any CPU.ActiveCfg = Release|Any CPU
		{FCFFB3B4-C827-4932-BD95-83668235BBAC}.Release|Any CPU.Build.0 = Release|Any CPU
	EndGlobalSection
	GlobalSection(SolutionProperties) = preSolution
		HideSolutionNode = FALSE
	EndGlobalSection
	GlobalSection(ExtensibilityGlobals) = postSolution
		SolutionGuid = {C38B378E-2617-4F9F-8322-83E48521A39C}
	EndGlobalSection
EndGlobal
